{
  "name": "demo",
  "version": "1.0.0",
  "lockfileVersion": 2,
  "requires": true,
  "packages": {
    "": {
      "name": "demo",
      "version": "1.0.0",
      "dependencies": {
        "@gremlin/failure-flags": "^1.0"
      }
    },
    "node_modules/@gremlin/failure-flags": {
      "version": "1.0.0",
      "resolved": "https://registry.npmjs.org/@gremlin/failure-flags/-/failure-flags-1.0.0.tgz",
      "integrity": "sha512-ODF3e1dKICW/LDHrumL3TLlsgydZQHFbIi32DqVFE+/JvKZS9hpA7os5PDba9i219otPCMKxkAPj4xAskB5ZLA=="
    }
  },
  "dependencies": {
    "@gremlin/failure-flags": {
      "version": "1.0.0",
      "resolved": "https://registry.npmjs.org/@gremlin/failure-flags/-/failure-flags-1.0.0.tgz",
      "integrity": "sha512-ODF3e1dKICW/LDHrumL3TLlsgydZQHFbIi32DqVFE+/JvKZS9hpA7os5PDba9i219otPCMKxkAPj4xAskB5ZLA=="
    }
  }
}
