{
  "name": "demo",
  "version": "1.0.0",
  "lockfileVersion": 2,
  "requires": true,
  "packages": {
    "": {
      "name": "demo",
      "version": "1.0.0",
      "dependencies": {
        "@gremlin/failure-flags": "^0.0"
      }
    },
    "node_modules/@gremlin/failure-flags": {
      "version": "0.0.18",
      "resolved": "https://registry.npmjs.org/@gremlin/failure-flags/-/failure-flags-0.0.18.tgz",
      "integrity": "sha512-W0qntpthtp9TCPqq4w8S5wH2mXZSHJAFQrutFEgQuoUpBIX+T37MEFX27T9ftTAXRsiIs5YJxC+AzN8jRxQWUA=="
    }
  },
  "dependencies": {
    "@gremlin/failure-flags": {
      "version": "0.0.18",
      "resolved": "https://registry.npmjs.org/@gremlin/failure-flags/-/failure-flags-0.0.18.tgz",
      "integrity": "sha512-W0qntpthtp9TCPqq4w8S5wH2mXZSHJAFQrutFEgQuoUpBIX+T37MEFX27T9ftTAXRsiIs5YJxC+AzN8jRxQWUA=="
    }
  }
}
